// !$*UTF8*$!
{
	archiveVersion = 1;
	classes = {
	};
	objectVersion = 46;
	objects = {

/* Begin PBXAggregateTarget section */
		"iTunes Library Parser::iTunes Library ParserPackageTests::ProductTarget" /* iTunes Library ParserPackageTests */ = {
			isa = PBXAggregateTarget;
			buildConfigurationList = OBJ_131 /* Build configuration list for PBXAggregateTarget "iTunes Library ParserPackageTests" */;
			buildPhases = (
			);
			dependencies = (
				OBJ_134 /* PBXTargetDependency */,
			);
			name = "iTunes Library ParserPackageTests";
			productName = "iTunes Library ParserPackageTests";
		};
/* End PBXAggregateTarget section */

/* Begin PBXBuildFile section */
		OBJ_100 /* Dictionary+File.swift in Sources */ = {isa = PBXBuildFile; fileRef = OBJ_23 /* Dictionary+File.swift */; };
		OBJ_101 /* DictionaryFile.swift in Sources */ = {isa = PBXBuildFile; fileRef = OBJ_24 /* DictionaryFile.swift */; };
		OBJ_102 /* DirectoryEnumerator.swift in Sources */ = {isa = PBXBuildFile; fileRef = OBJ_25 /* DirectoryEnumerator.swift */; };
		OBJ_103 /* DispatchEvent.swift in Sources */ = {isa = PBXBuildFile; fileRef = OBJ_26 /* DispatchEvent.swift */; };
		OBJ_104 /* DispatchWatcher.swift in Sources */ = {isa = PBXBuildFile; fileRef = OBJ_27 /* DispatchWatcher.swift */; };
		OBJ_105 /* File.swift in Sources */ = {isa = PBXBuildFile; fileRef = OBJ_28 /* File.swift */; };
		OBJ_106 /* FileKit.swift in Sources */ = {isa = PBXBuildFile; fileRef = OBJ_29 /* FileKit.swift */; };
		OBJ_107 /* FileKitError.swift in Sources */ = {isa = PBXBuildFile; fileRef = OBJ_30 /* FileKitError.swift */; };
		OBJ_108 /* FilePermissions.swift in Sources */ = {isa = PBXBuildFile; fileRef = OBJ_31 /* FilePermissions.swift */; };
		OBJ_109 /* FileProtection.swift in Sources */ = {isa = PBXBuildFile; fileRef = OBJ_32 /* FileProtection.swift */; };
		OBJ_110 /* FileSystemEvent.swift in Sources */ = {isa = PBXBuildFile; fileRef = OBJ_33 /* FileSystemEvent.swift */; };
		OBJ_111 /* FileSystemEventStream.swift in Sources */ = {isa = PBXBuildFile; fileRef = OBJ_34 /* FileSystemEventStream.swift */; };
		OBJ_112 /* FileSystemWatcher.swift in Sources */ = {isa = PBXBuildFile; fileRef = OBJ_35 /* FileSystemWatcher.swift */; };
		OBJ_113 /* FileType.swift in Sources */ = {isa = PBXBuildFile; fileRef = OBJ_36 /* FileType.swift */; };
		OBJ_114 /* Image+FileKit.swift in Sources */ = {isa = PBXBuildFile; fileRef = OBJ_37 /* Image+FileKit.swift */; };
		OBJ_115 /* ImageFile.swift in Sources */ = {isa = PBXBuildFile; fileRef = OBJ_38 /* ImageFile.swift */; };
		OBJ_116 /* JSONType.swift in Sources */ = {isa = PBXBuildFile; fileRef = OBJ_39 /* JSONType.swift */; };
		OBJ_117 /* NSArray+FileKit.swift in Sources */ = {isa = PBXBuildFile; fileRef = OBJ_40 /* NSArray+FileKit.swift */; };
		OBJ_118 /* NSData+FileKit.swift in Sources */ = {isa = PBXBuildFile; fileRef = OBJ_41 /* NSData+FileKit.swift */; };
		OBJ_119 /* NSDataFile.swift in Sources */ = {isa = PBXBuildFile; fileRef = OBJ_42 /* NSDataFile.swift */; };
		OBJ_120 /* NSDictionary+FileKit.swift in Sources */ = {isa = PBXBuildFile; fileRef = OBJ_43 /* NSDictionary+FileKit.swift */; };
		OBJ_121 /* NSString+FileKit.swift in Sources */ = {isa = PBXBuildFile; fileRef = OBJ_44 /* NSString+FileKit.swift */; };
		OBJ_122 /* Operators.swift in Sources */ = {isa = PBXBuildFile; fileRef = OBJ_45 /* Operators.swift */; };
		OBJ_123 /* Path.swift in Sources */ = {isa = PBXBuildFile; fileRef = OBJ_46 /* Path.swift */; };
		OBJ_124 /* Process+FileKit.swift in Sources */ = {isa = PBXBuildFile; fileRef = OBJ_47 /* Process+FileKit.swift */; };
		OBJ_125 /* PropertyListType.swift in Sources */ = {isa = PBXBuildFile; fileRef = OBJ_48 /* PropertyListType.swift */; };
		OBJ_126 /* RelativePathType.swift in Sources */ = {isa = PBXBuildFile; fileRef = OBJ_49 /* RelativePathType.swift */; };
		OBJ_127 /* String+FileKit.swift in Sources */ = {isa = PBXBuildFile; fileRef = OBJ_50 /* String+FileKit.swift */; };
		OBJ_128 /* TextFile.swift in Sources */ = {isa = PBXBuildFile; fileRef = OBJ_51 /* TextFile.swift */; };
		OBJ_61 /* Package.swift in Sources */ = {isa = PBXBuildFile; fileRef = OBJ_6 /* Package.swift */; };
		OBJ_67 /* Package.swift in Sources */ = {isa = PBXBuildFile; fileRef = OBJ_16 /* Package.swift */; };
		OBJ_73 /* iTunes_Library_ParserTests.swift in Sources */ = {isa = PBXBuildFile; fileRef = OBJ_13 /* iTunes_Library_ParserTests.swift */; };
		OBJ_75 /* iTunes_Library_Parser.framework in Frameworks */ = {isa = PBXBuildFile; fileRef = "iTunes Library Parser::iTunes Library Parser::Product" /* iTunes_Library_Parser.framework */; };
		OBJ_76 /* FileKit.framework in Frameworks */ = {isa = PBXBuildFile; fileRef = "FileKit::FileKit::Product" /* FileKit.framework */; };
		OBJ_85 /* iTunesLibrary.swift in Sources */ = {isa = PBXBuildFile; fileRef = OBJ_9 /* iTunesLibrary.swift */; };
		OBJ_86 /* iTunesLibraryContent.swift in Sources */ = {isa = PBXBuildFile; fileRef = OBJ_10 /* iTunesLibraryContent.swift */; };
		OBJ_88 /* FileKit.framework in Frameworks */ = {isa = PBXBuildFile; fileRef = "FileKit::FileKit::Product" /* FileKit.framework */; };
		OBJ_94 /* Array+File.swift in Sources */ = {isa = PBXBuildFile; fileRef = OBJ_17 /* Array+File.swift */; };
		OBJ_95 /* ArrayFile.swift in Sources */ = {isa = PBXBuildFile; fileRef = OBJ_18 /* ArrayFile.swift */; };
		OBJ_96 /* Bundle+FileKit.swift in Sources */ = {isa = PBXBuildFile; fileRef = OBJ_19 /* Bundle+FileKit.swift */; };
		OBJ_97 /* Data+FileKit.swift in Sources */ = {isa = PBXBuildFile; fileRef = OBJ_20 /* Data+FileKit.swift */; };
		OBJ_98 /* DataFile.swift in Sources */ = {isa = PBXBuildFile; fileRef = OBJ_21 /* DataFile.swift */; };
		OBJ_99 /* DataType.swift in Sources */ = {isa = PBXBuildFile; fileRef = OBJ_22 /* DataType.swift */; };
/* End PBXBuildFile section */

/* Begin PBXContainerItemProxy section */
		596CD0881FF0642000C36121 /* PBXContainerItemProxy */ = {
			isa = PBXContainerItemProxy;
			containerPortal = OBJ_1 /* Project object */;
			proxyType = 1;
			remoteGlobalIDString = "FileKit::FileKit";
			remoteInfo = FileKit;
		};
		596CD0891FF0642000C36121 /* PBXContainerItemProxy */ = {
			isa = PBXContainerItemProxy;
			containerPortal = OBJ_1 /* Project object */;
			proxyType = 1;
			remoteGlobalIDString = "iTunes Library Parser::iTunes Library Parser";
			remoteInfo = "iTunes Library Parser";
		};
		596CD08A1FF0642000C36121 /* PBXContainerItemProxy */ = {
			isa = PBXContainerItemProxy;
			containerPortal = OBJ_1 /* Project object */;
			proxyType = 1;
			remoteGlobalIDString = "FileKit::FileKit";
			remoteInfo = FileKit;
		};
		596CD08B1FF0642000C36121 /* PBXContainerItemProxy */ = {
			isa = PBXContainerItemProxy;
			containerPortal = OBJ_1 /* Project object */;
			proxyType = 1;
			remoteGlobalIDString = "iTunes Library Parser::iTunes Library ParserTests";
			remoteInfo = "iTunes Library ParserTests";
		};
/* End PBXContainerItemProxy section */

/* Begin PBXFileReference section */
		"FileKit::FileKit::Product" /* FileKit.framework */ = {isa = PBXFileReference; explicitFileType = wrapper.framework; path = FileKit.framework; sourceTree = BUILT_PRODUCTS_DIR; };
		OBJ_10 /* iTunesLibraryContent.swift */ = {isa = PBXFileReference; lastKnownFileType = sourcecode.swift; path = iTunesLibraryContent.swift; sourceTree = "<group>"; };
		OBJ_13 /* iTunes_Library_ParserTests.swift */ = {isa = PBXFileReference; lastKnownFileType = sourcecode.swift; path = iTunes_Library_ParserTests.swift; sourceTree = "<group>"; };
		OBJ_16 /* Package.swift */ = {isa = PBXFileReference; explicitFileType = sourcecode.swift; name = Package.swift; path = "/Users/jaketw47/Documents/iTunes Library Parser/.build/checkouts/FileKit.git--4494504688477027967/Package.swift"; sourceTree = "<group>"; };
		OBJ_17 /* Array+File.swift */ = {isa = PBXFileReference; lastKnownFileType = sourcecode.swift; path = "Array+File.swift"; sourceTree = "<group>"; };
		OBJ_18 /* ArrayFile.swift */ = {isa = PBXFileReference; lastKnownFileType = sourcecode.swift; path = ArrayFile.swift; sourceTree = "<group>"; };
		OBJ_19 /* Bundle+FileKit.swift */ = {isa = PBXFileReference; lastKnownFileType = sourcecode.swift; path = "Bundle+FileKit.swift"; sourceTree = "<group>"; };
		OBJ_20 /* Data+FileKit.swift */ = {isa = PBXFileReference; lastKnownFileType = sourcecode.swift; path = "Data+FileKit.swift"; sourceTree = "<group>"; };
		OBJ_21 /* DataFile.swift */ = {isa = PBXFileReference; lastKnownFileType = sourcecode.swift; path = DataFile.swift; sourceTree = "<group>"; };
		OBJ_22 /* DataType.swift */ = {isa = PBXFileReference; lastKnownFileType = sourcecode.swift; path = DataType.swift; sourceTree = "<group>"; };
		OBJ_23 /* Dictionary+File.swift */ = {isa = PBXFileReference; lastKnownFileType = sourcecode.swift; path = "Dictionary+File.swift"; sourceTree = "<group>"; };
		OBJ_24 /* DictionaryFile.swift */ = {isa = PBXFileReference; lastKnownFileType = sourcecode.swift; path = DictionaryFile.swift; sourceTree = "<group>"; };
		OBJ_25 /* DirectoryEnumerator.swift */ = {isa = PBXFileReference; lastKnownFileType = sourcecode.swift; path = DirectoryEnumerator.swift; sourceTree = "<group>"; };
		OBJ_26 /* DispatchEvent.swift */ = {isa = PBXFileReference; lastKnownFileType = sourcecode.swift; path = DispatchEvent.swift; sourceTree = "<group>"; };
		OBJ_27 /* DispatchWatcher.swift */ = {isa = PBXFileReference; lastKnownFileType = sourcecode.swift; path = DispatchWatcher.swift; sourceTree = "<group>"; };
		OBJ_28 /* File.swift */ = {isa = PBXFileReference; lastKnownFileType = sourcecode.swift; path = File.swift; sourceTree = "<group>"; };
		OBJ_29 /* FileKit.swift */ = {isa = PBXFileReference; lastKnownFileType = sourcecode.swift; path = FileKit.swift; sourceTree = "<group>"; };
		OBJ_30 /* FileKitError.swift */ = {isa = PBXFileReference; lastKnownFileType = sourcecode.swift; path = FileKitError.swift; sourceTree = "<group>"; };
		OBJ_31 /* FilePermissions.swift */ = {isa = PBXFileReference; lastKnownFileType = sourcecode.swift; path = FilePermissions.swift; sourceTree = "<group>"; };
		OBJ_32 /* FileProtection.swift */ = {isa = PBXFileReference; lastKnownFileType = sourcecode.swift; path = FileProtection.swift; sourceTree = "<group>"; };
		OBJ_33 /* FileSystemEvent.swift */ = {isa = PBXFileReference; lastKnownFileType = sourcecode.swift; path = FileSystemEvent.swift; sourceTree = "<group>"; };
		OBJ_34 /* FileSystemEventStream.swift */ = {isa = PBXFileReference; lastKnownFileType = sourcecode.swift; path = FileSystemEventStream.swift; sourceTree = "<group>"; };
		OBJ_35 /* FileSystemWatcher.swift */ = {isa = PBXFileReference; lastKnownFileType = sourcecode.swift; path = FileSystemWatcher.swift; sourceTree = "<group>"; };
		OBJ_36 /* FileType.swift */ = {isa = PBXFileReference; lastKnownFileType = sourcecode.swift; path = FileType.swift; sourceTree = "<group>"; };
		OBJ_37 /* Image+FileKit.swift */ = {isa = PBXFileReference; lastKnownFileType = sourcecode.swift; path = "Image+FileKit.swift"; sourceTree = "<group>"; };
		OBJ_38 /* ImageFile.swift */ = {isa = PBXFileReference; lastKnownFileType = sourcecode.swift; path = ImageFile.swift; sourceTree = "<group>"; };
		OBJ_39 /* JSONType.swift */ = {isa = PBXFileReference; lastKnownFileType = sourcecode.swift; path = JSONType.swift; sourceTree = "<group>"; };
		OBJ_40 /* NSArray+FileKit.swift */ = {isa = PBXFileReference; lastKnownFileType = sourcecode.swift; path = "NSArray+FileKit.swift"; sourceTree = "<group>"; };
		OBJ_41 /* NSData+FileKit.swift */ = {isa = PBXFileReference; lastKnownFileType = sourcecode.swift; path = "NSData+FileKit.swift"; sourceTree = "<group>"; };
		OBJ_42 /* NSDataFile.swift */ = {isa = PBXFileReference; lastKnownFileType = sourcecode.swift; path = NSDataFile.swift; sourceTree = "<group>"; };
		OBJ_43 /* NSDictionary+FileKit.swift */ = {isa = PBXFileReference; lastKnownFileType = sourcecode.swift; path = "NSDictionary+FileKit.swift"; sourceTree = "<group>"; };
		OBJ_44 /* NSString+FileKit.swift */ = {isa = PBXFileReference; lastKnownFileType = sourcecode.swift; path = "NSString+FileKit.swift"; sourceTree = "<group>"; };
		OBJ_45 /* Operators.swift */ = {isa = PBXFileReference; lastKnownFileType = sourcecode.swift; path = Operators.swift; sourceTree = "<group>"; };
		OBJ_46 /* Path.swift */ = {isa = PBXFileReference; lastKnownFileType = sourcecode.swift; path = Path.swift; sourceTree = "<group>"; };
		OBJ_47 /* Process+FileKit.swift */ = {isa = PBXFileReference; lastKnownFileType = sourcecode.swift; path = "Process+FileKit.swift"; sourceTree = "<group>"; };
		OBJ_48 /* PropertyListType.swift */ = {isa = PBXFileReference; lastKnownFileType = sourcecode.swift; path = PropertyListType.swift; sourceTree = "<group>"; };
		OBJ_49 /* RelativePathType.swift */ = {isa = PBXFileReference; lastKnownFileType = sourcecode.swift; path = RelativePathType.swift; sourceTree = "<group>"; };
		OBJ_50 /* String+FileKit.swift */ = {isa = PBXFileReference; lastKnownFileType = sourcecode.swift; path = "String+FileKit.swift"; sourceTree = "<group>"; };
		OBJ_51 /* TextFile.swift */ = {isa = PBXFileReference; lastKnownFileType = sourcecode.swift; path = TextFile.swift; sourceTree = "<group>"; };
		OBJ_6 /* Package.swift */ = {isa = PBXFileReference; explicitFileType = sourcecode.swift; path = Package.swift; sourceTree = "<group>"; };
		OBJ_9 /* iTunesLibrary.swift */ = {isa = PBXFileReference; lastKnownFileType = sourcecode.swift; path = iTunesLibrary.swift; sourceTree = "<group>"; };
		"iTunes Library Parser::iTunes Library Parser::Product" /* iTunes_Library_Parser.framework */ = {isa = PBXFileReference; lastKnownFileType = wrapper.framework; path = iTunes_Library_Parser.framework; sourceTree = BUILT_PRODUCTS_DIR; };
		"iTunes Library Parser::iTunes Library ParserTests::Product" /* iTunes_Library_ParserTests.xctest */ = {isa = PBXFileReference; lastKnownFileType = file; name = iTunes_Library_ParserTests.xctest; path = "iTunes Library ParserTests.xctest"; sourceTree = BUILT_PRODUCTS_DIR; };
/* End PBXFileReference section */

/* Begin PBXFrameworksBuildPhase section */
		OBJ_129 /* Frameworks */ = {
			isa = PBXFrameworksBuildPhase;
			buildActionMask = 0;
			files = (
			);
			runOnlyForDeploymentPostprocessing = 0;
		};
		OBJ_74 /* Frameworks */ = {
			isa = PBXFrameworksBuildPhase;
			buildActionMask = 0;
			files = (
				OBJ_75 /* iTunes_Library_Parser.framework in Frameworks */,
				OBJ_76 /* FileKit.framework in Frameworks */,
			);
			runOnlyForDeploymentPostprocessing = 0;
		};
		OBJ_87 /* Frameworks */ = {
			isa = PBXFrameworksBuildPhase;
			buildActionMask = 0;
			files = (
				OBJ_88 /* FileKit.framework in Frameworks */,
			);
			runOnlyForDeploymentPostprocessing = 0;
		};
/* End PBXFrameworksBuildPhase section */

/* Begin PBXGroup section */
		OBJ_11 /* Tests */ = {
			isa = PBXGroup;
			children = (
				OBJ_12 /* iTunes Library ParserTests */,
			);
			name = Tests;
			sourceTree = SOURCE_ROOT;
		};
		OBJ_12 /* iTunes Library ParserTests */ = {
			isa = PBXGroup;
			children = (
				OBJ_13 /* iTunes_Library_ParserTests.swift */,
			);
			name = "iTunes Library ParserTests";
			path = "Tests/iTunes Library ParserTests";
			sourceTree = SOURCE_ROOT;
		};
		OBJ_14 /* Dependencies */ = {
			isa = PBXGroup;
			children = (
				OBJ_15 /* FileKit 5.0.0 */,
			);
			name = Dependencies;
			sourceTree = "<group>";
		};
		OBJ_15 /* FileKit 5.0.0 */ = {
			isa = PBXGroup;
			children = (
				OBJ_16 /* Package.swift */,
				OBJ_17 /* Array+File.swift */,
				OBJ_18 /* ArrayFile.swift */,
				OBJ_19 /* Bundle+FileKit.swift */,
				OBJ_20 /* Data+FileKit.swift */,
				OBJ_21 /* DataFile.swift */,
				OBJ_22 /* DataType.swift */,
				OBJ_23 /* Dictionary+File.swift */,
				OBJ_24 /* DictionaryFile.swift */,
				OBJ_25 /* DirectoryEnumerator.swift */,
				OBJ_26 /* DispatchEvent.swift */,
				OBJ_27 /* DispatchWatcher.swift */,
				OBJ_28 /* File.swift */,
				OBJ_29 /* FileKit.swift */,
				OBJ_30 /* FileKitError.swift */,
				OBJ_31 /* FilePermissions.swift */,
				OBJ_32 /* FileProtection.swift */,
				OBJ_33 /* FileSystemEvent.swift */,
				OBJ_34 /* FileSystemEventStream.swift */,
				OBJ_35 /* FileSystemWatcher.swift */,
				OBJ_36 /* FileType.swift */,
				OBJ_37 /* Image+FileKit.swift */,
				OBJ_38 /* ImageFile.swift */,
				OBJ_39 /* JSONType.swift */,
				OBJ_40 /* NSArray+FileKit.swift */,
				OBJ_41 /* NSData+FileKit.swift */,
				OBJ_42 /* NSDataFile.swift */,
				OBJ_43 /* NSDictionary+FileKit.swift */,
				OBJ_44 /* NSString+FileKit.swift */,
				OBJ_45 /* Operators.swift */,
				OBJ_46 /* Path.swift */,
				OBJ_47 /* Process+FileKit.swift */,
				OBJ_48 /* PropertyListType.swift */,
				OBJ_49 /* RelativePathType.swift */,
				OBJ_50 /* String+FileKit.swift */,
				OBJ_51 /* TextFile.swift */,
			);
			name = "FileKit 5.0.0";
			path = ".build/checkouts/FileKit.git--4494504688477027967/Sources";
			sourceTree = SOURCE_ROOT;
		};
		OBJ_5 /*  */ = {
			isa = PBXGroup;
			children = (
				OBJ_6 /* Package.swift */,
				OBJ_7 /* Sources */,
				OBJ_11 /* Tests */,
				OBJ_14 /* Dependencies */,
				OBJ_52 /* Products */,
			);
			name = "";
			sourceTree = "<group>";
		};
		OBJ_52 /* Products */ = {
			isa = PBXGroup;
			children = (
				"iTunes Library Parser::iTunes Library ParserTests::Product" /* iTunes_Library_ParserTests.xctest */,
				"iTunes Library Parser::iTunes Library Parser::Product" /* iTunes_Library_Parser.framework */,
				"FileKit::FileKit::Product" /* FileKit.framework */,
			);
			name = Products;
			sourceTree = BUILT_PRODUCTS_DIR;
		};
		OBJ_7 /* Sources */ = {
			isa = PBXGroup;
			children = (
				OBJ_8 /* iTunes Library Parser */,
			);
			name = Sources;
			sourceTree = SOURCE_ROOT;
		};
		OBJ_8 /* iTunes Library Parser */ = {
			isa = PBXGroup;
			children = (
				OBJ_9 /* iTunesLibrary.swift */,
				OBJ_10 /* iTunesLibraryContent.swift */,
			);
			name = "iTunes Library Parser";
			path = "Sources/iTunes Library Parser";
			sourceTree = SOURCE_ROOT;
		};
/* End PBXGroup section */

/* Begin PBXNativeTarget section */
		"FileKit::FileKit" /* FileKit */ = {
			isa = PBXNativeTarget;
			buildConfigurationList = OBJ_90 /* Build configuration list for PBXNativeTarget "FileKit" */;
			buildPhases = (
				OBJ_93 /* Sources */,
				OBJ_129 /* Frameworks */,
			);
			buildRules = (
			);
			dependencies = (
			);
			name = FileKit;
			productName = FileKit;
			productReference = "FileKit::FileKit::Product" /* FileKit.framework */;
			productType = "com.apple.product-type.framework";
		};
		"FileKit::SwiftPMPackageDescription" /* FileKitPackageDescription */ = {
			isa = PBXNativeTarget;
			buildConfigurationList = OBJ_63 /* Build configuration list for PBXNativeTarget "FileKitPackageDescription" */;
			buildPhases = (
				OBJ_66 /* Sources */,
			);
			buildRules = (
			);
			dependencies = (
			);
			name = FileKitPackageDescription;
			productName = FileKitPackageDescription;
			productType = "com.apple.product-type.framework";
		};
		"iTunes Library Parser::SwiftPMPackageDescription" /* iTunes Library ParserPackageDescription */ = {
			isa = PBXNativeTarget;
			buildConfigurationList = OBJ_57 /* Build configuration list for PBXNativeTarget "iTunes Library ParserPackageDescription" */;
			buildPhases = (
				OBJ_60 /* Sources */,
			);
			buildRules = (
			);
			dependencies = (
			);
			name = "iTunes Library ParserPackageDescription";
			productName = "iTunes Library ParserPackageDescription";
			productType = "com.apple.product-type.framework";
		};
		"iTunes Library Parser::iTunes Library Parser" /* iTunes Library Parser */ = {
			isa = PBXNativeTarget;
			buildConfigurationList = OBJ_81 /* Build configuration list for PBXNativeTarget "iTunes Library Parser" */;
			buildPhases = (
				OBJ_84 /* Sources */,
				OBJ_87 /* Frameworks */,
			);
			buildRules = (
			);
			dependencies = (
				OBJ_89 /* PBXTargetDependency */,
			);
			name = "iTunes Library Parser";
			productName = iTunes_Library_Parser;
			productReference = "iTunes Library Parser::iTunes Library Parser::Product" /* iTunes_Library_Parser.framework */;
			productType = "com.apple.product-type.framework";
		};
		"iTunes Library Parser::iTunes Library ParserTests" /* iTunes Library ParserTests */ = {
			isa = PBXNativeTarget;
			buildConfigurationList = OBJ_69 /* Build configuration list for PBXNativeTarget "iTunes Library ParserTests" */;
			buildPhases = (
				OBJ_72 /* Sources */,
				OBJ_74 /* Frameworks */,
			);
			buildRules = (
			);
			dependencies = (
				OBJ_77 /* PBXTargetDependency */,
				OBJ_79 /* PBXTargetDependency */,
			);
			name = "iTunes Library ParserTests";
			productName = iTunes_Library_ParserTests;
			productReference = "iTunes Library Parser::iTunes Library ParserTests::Product" /* iTunes_Library_ParserTests.xctest */;
			productType = "com.apple.product-type.bundle.unit-test";
		};
/* End PBXNativeTarget section */

/* Begin PBXProject section */
		OBJ_1 /* Project object */ = {
			isa = PBXProject;
			attributes = {
				LastUpgradeCheck = 9999;
			};
			buildConfigurationList = OBJ_2 /* Build configuration list for PBXProject "iTunes Library Parser" */;
			compatibilityVersion = "Xcode 3.2";
			developmentRegion = English;
			hasScannedForEncodings = 0;
			knownRegions = (
				en,
			);
			mainGroup = OBJ_5 /*  */;
			productRefGroup = OBJ_52 /* Products */;
			projectDirPath = "";
			projectRoot = "";
			targets = (
				"iTunes Library Parser::SwiftPMPackageDescription" /* iTunes Library ParserPackageDescription */,
				"FileKit::SwiftPMPackageDescription" /* FileKitPackageDescription */,
				"iTunes Library Parser::iTunes Library ParserTests" /* iTunes Library ParserTests */,
				"iTunes Library Parser::iTunes Library Parser" /* iTunes Library Parser */,
				"FileKit::FileKit" /* FileKit */,
				"iTunes Library Parser::iTunes Library ParserPackageTests::ProductTarget" /* iTunes Library ParserPackageTests */,
			);
		};
/* End PBXProject section */

/* Begin PBXSourcesBuildPhase section */
		OBJ_60 /* Sources */ = {
			isa = PBXSourcesBuildPhase;
			buildActionMask = 0;
			files = (
				OBJ_61 /* Package.swift in Sources */,
			);
			runOnlyForDeploymentPostprocessing = 0;
		};
		OBJ_66 /* Sources */ = {
			isa = PBXSourcesBuildPhase;
			buildActionMask = 0;
			files = (
				OBJ_67 /* Package.swift in Sources */,
			);
			runOnlyForDeploymentPostprocessing = 0;
		};
		OBJ_72 /* Sources */ = {
			isa = PBXSourcesBuildPhase;
			buildActionMask = 0;
			files = (
				OBJ_73 /* iTunes_Library_ParserTests.swift in Sources */,
			);
			runOnlyForDeploymentPostprocessing = 0;
		};
		OBJ_84 /* Sources */ = {
			isa = PBXSourcesBuildPhase;
			buildActionMask = 0;
			files = (
				OBJ_85 /* iTunesLibrary.swift in Sources */,
				OBJ_86 /* iTunesLibraryContent.swift in Sources */,
			);
			runOnlyForDeploymentPostprocessing = 0;
		};
		OBJ_93 /* Sources */ = {
			isa = PBXSourcesBuildPhase;
			buildActionMask = 0;
			files = (
				OBJ_94 /* Array+File.swift in Sources */,
				OBJ_95 /* ArrayFile.swift in Sources */,
				OBJ_96 /* Bundle+FileKit.swift in Sources */,
				OBJ_97 /* Data+FileKit.swift in Sources */,
				OBJ_98 /* DataFile.swift in Sources */,
				OBJ_99 /* DataType.swift in Sources */,
				OBJ_100 /* Dictionary+File.swift in Sources */,
				OBJ_101 /* DictionaryFile.swift in Sources */,
				OBJ_102 /* DirectoryEnumerator.swift in Sources */,
				OBJ_103 /* DispatchEvent.swift in Sources */,
				OBJ_104 /* DispatchWatcher.swift in Sources */,
				OBJ_105 /* File.swift in Sources */,
				OBJ_106 /* FileKit.swift in Sources */,
				OBJ_107 /* FileKitError.swift in Sources */,
				OBJ_108 /* FilePermissions.swift in Sources */,
				OBJ_109 /* FileProtection.swift in Sources */,
				OBJ_110 /* FileSystemEvent.swift in Sources */,
				OBJ_111 /* FileSystemEventStream.swift in Sources */,
				OBJ_112 /* FileSystemWatcher.swift in Sources */,
				OBJ_113 /* FileType.swift in Sources */,
				OBJ_114 /* Image+FileKit.swift in Sources */,
				OBJ_115 /* ImageFile.swift in Sources */,
				OBJ_116 /* JSONType.swift in Sources */,
				OBJ_117 /* NSArray+FileKit.swift in Sources */,
				OBJ_118 /* NSData+FileKit.swift in Sources */,
				OBJ_119 /* NSDataFile.swift in Sources */,
				OBJ_120 /* NSDictionary+FileKit.swift in Sources */,
				OBJ_121 /* NSString+FileKit.swift in Sources */,
				OBJ_122 /* Operators.swift in Sources */,
				OBJ_123 /* Path.swift in Sources */,
				OBJ_124 /* Process+FileKit.swift in Sources */,
				OBJ_125 /* PropertyListType.swift in Sources */,
				OBJ_126 /* RelativePathType.swift in Sources */,
				OBJ_127 /* String+FileKit.swift in Sources */,
				OBJ_128 /* TextFile.swift in Sources */,
			);
			runOnlyForDeploymentPostprocessing = 0;
		};
/* End PBXSourcesBuildPhase section */

/* Begin PBXTargetDependency section */
		OBJ_134 /* PBXTargetDependency */ = {
			isa = PBXTargetDependency;
			target = "iTunes Library Parser::iTunes Library ParserTests" /* iTunes Library ParserTests */;
			targetProxy = 596CD08B1FF0642000C36121 /* PBXContainerItemProxy */;
		};
		OBJ_77 /* PBXTargetDependency */ = {
			isa = PBXTargetDependency;
			target = "iTunes Library Parser::iTunes Library Parser" /* iTunes Library Parser */;
			targetProxy = 596CD0891FF0642000C36121 /* PBXContainerItemProxy */;
		};
		OBJ_79 /* PBXTargetDependency */ = {
			isa = PBXTargetDependency;
			target = "FileKit::FileKit" /* FileKit */;
			targetProxy = 596CD08A1FF0642000C36121 /* PBXContainerItemProxy */;
		};
		OBJ_89 /* PBXTargetDependency */ = {
			isa = PBXTargetDependency;
			target = "FileKit::FileKit" /* FileKit */;
			targetProxy = 596CD0881FF0642000C36121 /* PBXContainerItemProxy */;
		};
/* End PBXTargetDependency section */

/* Begin XCBuildConfiguration section */
		OBJ_132 /* Debug */ = {
			isa = XCBuildConfiguration;
			buildSettings = {
			};
			name = Debug;
		};
		OBJ_133 /* Release */ = {
			isa = XCBuildConfiguration;
			buildSettings = {
			};
			name = Release;
		};
		OBJ_3 /* Debug */ = {
			isa = XCBuildConfiguration;
			buildSettings = {
				CLANG_ENABLE_OBJC_ARC = YES;
				COMBINE_HIDPI_IMAGES = YES;
				COPY_PHASE_STRIP = NO;
				DEBUG_INFORMATION_FORMAT = dwarf;
				DYLIB_INSTALL_NAME_BASE = "@rpath";
				ENABLE_NS_ASSERTIONS = YES;
				GCC_OPTIMIZATION_LEVEL = 0;
				MACOSX_DEPLOYMENT_TARGET = 10.10;
				ONLY_ACTIVE_ARCH = YES;
				OTHER_SWIFT_FLAGS = "-DXcode";
				PRODUCT_NAME = "$(TARGET_NAME)";
				SDKROOT = macosx;
				SUPPORTED_PLATFORMS = "macosx iphoneos iphonesimulator appletvos appletvsimulator watchos watchsimulator";
				SWIFT_ACTIVE_COMPILATION_CONDITIONS = SWIFT_PACKAGE;
				SWIFT_OPTIMIZATION_LEVEL = "-Onone";
				USE_HEADERMAP = NO;
			};
			name = Debug;
		};
		OBJ_4 /* Release */ = {
			isa = XCBuildConfiguration;
			buildSettings = {
				CLANG_ENABLE_OBJC_ARC = YES;
				COMBINE_HIDPI_IMAGES = YES;
				COPY_PHASE_STRIP = YES;
				DEBUG_INFORMATION_FORMAT = "dwarf-with-dsym";
				DYLIB_INSTALL_NAME_BASE = "@rpath";
				GCC_OPTIMIZATION_LEVEL = s;
				MACOSX_DEPLOYMENT_TARGET = 10.10;
				OTHER_SWIFT_FLAGS = "-DXcode";
				PRODUCT_NAME = "$(TARGET_NAME)";
				SDKROOT = macosx;
				SUPPORTED_PLATFORMS = "macosx iphoneos iphonesimulator appletvos appletvsimulator watchos watchsimulator";
				SWIFT_ACTIVE_COMPILATION_CONDITIONS = SWIFT_PACKAGE;
				SWIFT_OPTIMIZATION_LEVEL = "-Owholemodule";
				USE_HEADERMAP = NO;
			};
			name = Release;
		};
		OBJ_58 /* Debug */ = {
			isa = XCBuildConfiguration;
			buildSettings = {
				LD = /usr/bin/true;
				OTHER_SWIFT_FLAGS = "-swift-version 4 -I /Applications/Xcode.app/Contents/Developer/Toolchains/XcodeDefault.xctoolchain/usr/lib/swift/pm/4 -target x86_64-apple-macosx10.10 -sdk /Applications/Xcode.app/Contents/Developer/Platforms/MacOSX.platform/Developer/SDKs/MacOSX10.13.sdk";
				SWIFT_VERSION = 4.0;
			};
			name = Debug;
		};
		OBJ_59 /* Release */ = {
			isa = XCBuildConfiguration;
			buildSettings = {
				LD = /usr/bin/true;
				OTHER_SWIFT_FLAGS = "-swift-version 4 -I /Applications/Xcode.app/Contents/Developer/Toolchains/XcodeDefault.xctoolchain/usr/lib/swift/pm/4 -target x86_64-apple-macosx10.10 -sdk /Applications/Xcode.app/Contents/Developer/Platforms/MacOSX.platform/Developer/SDKs/MacOSX10.13.sdk";
				SWIFT_VERSION = 4.0;
			};
			name = Release;
		};
		OBJ_64 /* Debug */ = {
			isa = XCBuildConfiguration;
			buildSettings = {
				LD = /usr/bin/true;
				OTHER_SWIFT_FLAGS = "-swift-version 3 -I /Applications/Xcode.app/Contents/Developer/Toolchains/XcodeDefault.xctoolchain/usr/lib/swift/pm/3 -target x86_64-apple-macosx10.10 -sdk /Applications/Xcode.app/Contents/Developer/Platforms/MacOSX.platform/Developer/SDKs/MacOSX10.13.sdk";
				SWIFT_VERSION = 3.0;
			};
			name = Debug;
		};
		OBJ_65 /* Release */ = {
			isa = XCBuildConfiguration;
			buildSettings = {
				LD = /usr/bin/true;
				OTHER_SWIFT_FLAGS = "-swift-version 3 -I /Applications/Xcode.app/Contents/Developer/Toolchains/XcodeDefault.xctoolchain/usr/lib/swift/pm/3 -target x86_64-apple-macosx10.10 -sdk /Applications/Xcode.app/Contents/Developer/Platforms/MacOSX.platform/Developer/SDKs/MacOSX10.13.sdk";
				SWIFT_VERSION = 3.0;
			};
			name = Release;
		};
		OBJ_70 /* Debug */ = {
			isa = XCBuildConfiguration;
			buildSettings = {
				EMBEDDED_CONTENT_CONTAINS_SWIFT = YES;
				FRAMEWORK_SEARCH_PATHS = (
					"$(inherited)",
					"$(PLATFORM_DIR)/Developer/Library/Frameworks",
				);
				HEADER_SEARCH_PATHS = "$(inherited)";
				INFOPLIST_FILE = "iTunes Library Parser.xcodeproj/iTunes_Library_ParserTests_Info.plist";
				LD_RUNPATH_SEARCH_PATHS = "@loader_path/../Frameworks @loader_path/Frameworks";
				OTHER_LDFLAGS = "$(inherited)";
				OTHER_SWIFT_FLAGS = "$(inherited)";
				SWIFT_VERSION = 4.0;
				TARGET_NAME = "iTunes Library ParserTests";
			};
			name = Debug;
		};
		OBJ_71 /* Release */ = {
			isa = XCBuildConfiguration;
			buildSettings = {
				EMBEDDED_CONTENT_CONTAINS_SWIFT = YES;
				FRAMEWORK_SEARCH_PATHS = (
					"$(inherited)",
					"$(PLATFORM_DIR)/Developer/Library/Frameworks",
				);
				HEADER_SEARCH_PATHS = "$(inherited)";
				INFOPLIST_FILE = "iTunes Library Parser.xcodeproj/iTunes_Library_ParserTests_Info.plist";
				LD_RUNPATH_SEARCH_PATHS = "@loader_path/../Frameworks @loader_path/Frameworks";
				OTHER_LDFLAGS = "$(inherited)";
				OTHER_SWIFT_FLAGS = "$(inherited)";
				SWIFT_VERSION = 4.0;
				TARGET_NAME = "iTunes Library ParserTests";
			};
			name = Release;
		};
		OBJ_82 /* Debug */ = {
			isa = XCBuildConfiguration;
			buildSettings = {
				ENABLE_TESTABILITY = YES;
				FRAMEWORK_SEARCH_PATHS = (
					"$(inherited)",
					"$(PLATFORM_DIR)/Developer/Library/Frameworks",
				);
				HEADER_SEARCH_PATHS = "$(inherited)";
				INFOPLIST_FILE = "iTunes Library Parser.xcodeproj/iTunes_Library_Parser_Info.plist";
				LD_RUNPATH_SEARCH_PATHS = "$(TOOLCHAIN_DIR)/usr/lib/swift/macosx";
				OTHER_LDFLAGS = "$(inherited)";
				OTHER_SWIFT_FLAGS = "$(inherited)";
				PRODUCT_BUNDLE_IDENTIFIER = "iTunes-Library-Parser";
				PRODUCT_MODULE_NAME = "$(TARGET_NAME:c99extidentifier)";
				PRODUCT_NAME = "$(TARGET_NAME:c99extidentifier)";
				SKIP_INSTALL = YES;
				SWIFT_VERSION = 4.0;
				TARGET_NAME = "iTunes Library Parser";
			};
			name = Debug;
		};
		OBJ_83 /* Release */ = {
			isa = XCBuildConfiguration;
			buildSettings = {
				ENABLE_TESTABILITY = YES;
				FRAMEWORK_SEARCH_PATHS = (
					"$(inherited)",
					"$(PLATFORM_DIR)/Developer/Library/Frameworks",
				);
				HEADER_SEARCH_PATHS = "$(inherited)";
				INFOPLIST_FILE = "iTunes Library Parser.xcodeproj/iTunes_Library_Parser_Info.plist";
				LD_RUNPATH_SEARCH_PATHS = "$(TOOLCHAIN_DIR)/usr/lib/swift/macosx";
				OTHER_LDFLAGS = "$(inherited)";
				OTHER_SWIFT_FLAGS = "$(inherited)";
				PRODUCT_BUNDLE_IDENTIFIER = "iTunes-Library-Parser";
				PRODUCT_MODULE_NAME = "$(TARGET_NAME:c99extidentifier)";
				PRODUCT_NAME = "$(TARGET_NAME:c99extidentifier)";
				SKIP_INSTALL = YES;
				SWIFT_VERSION = 4.0;
				TARGET_NAME = "iTunes Library Parser";
			};
			name = Release;
		};
		OBJ_91 /* Debug */ = {
			isa = XCBuildConfiguration;
			buildSettings = {
				ENABLE_TESTABILITY = YES;
				FRAMEWORK_SEARCH_PATHS = (
					"$(inherited)",
					"$(PLATFORM_DIR)/Developer/Library/Frameworks",
				);
				HEADER_SEARCH_PATHS = "$(inherited)";
				INFOPLIST_FILE = "iTunes Library Parser.xcodeproj/FileKit_Info.plist";
				LD_RUNPATH_SEARCH_PATHS = "$(TOOLCHAIN_DIR)/usr/lib/swift/macosx";
				OTHER_LDFLAGS = "$(inherited)";
				OTHER_SWIFT_FLAGS = "$(inherited)";
				PRODUCT_BUNDLE_IDENTIFIER = FileKit;
				PRODUCT_MODULE_NAME = "$(TARGET_NAME:c99extidentifier)";
				PRODUCT_NAME = "$(TARGET_NAME:c99extidentifier)";
				SKIP_INSTALL = YES;
				SWIFT_VERSION = 3.0;
				TARGET_NAME = FileKit;
			};
			name = Debug;
		};
		OBJ_92 /* Release */ = {
			isa = XCBuildConfiguration;
			buildSettings = {
				ENABLE_TESTABILITY = YES;
				FRAMEWORK_SEARCH_PATHS = (
					"$(inherited)",
					"$(PLATFORM_DIR)/Developer/Library/Frameworks",
				);
				HEADER_SEARCH_PATHS = "$(inherited)";
				INFOPLIST_FILE = "iTunes Library Parser.xcodeproj/FileKit_Info.plist";
				LD_RUNPATH_SEARCH_PATHS = "$(TOOLCHAIN_DIR)/usr/lib/swift/macosx";
				OTHER_LDFLAGS = "$(inherited)";
				OTHER_SWIFT_FLAGS = "$(inherited)";
				PRODUCT_BUNDLE_IDENTIFIER = FileKit;
				PRODUCT_MODULE_NAME = "$(TARGET_NAME:c99extidentifier)";
				PRODUCT_NAME = "$(TARGET_NAME:c99extidentifier)";
				SKIP_INSTALL = YES;
				SWIFT_VERSION = 3.0;
				TARGET_NAME = FileKit;
			};
			name = Release;
		};
/* End XCBuildConfiguration section */

/* Begin XCConfigurationList section */
		OBJ_131 /* Build configuration list for PBXAggregateTarget "iTunes Library ParserPackageTests" */ = {
			isa = XCConfigurationList;
			buildConfigurations = (
				OBJ_132 /* Debug */,
				OBJ_133 /* Release */,
			);
			defaultConfigurationIsVisible = 0;
			defaultConfigurationName = Debug;
		};
		OBJ_2 /* Build configuration list for PBXProject "iTunes Library Parser" */ = {
			isa = XCConfigurationList;
			buildConfigurations = (
				OBJ_3 /* Debug */,
				OBJ_4 /* Release */,
			);
			defaultConfigurationIsVisible = 0;
			defaultConfigurationName = Debug;
		};
		OBJ_57 /* Build configuration list for PBXNativeTarget "iTunes Library ParserPackageDescription" */ = {
			isa = XCConfigurationList;
			buildConfigurations = (
				OBJ_58 /* Debug */,
				OBJ_59 /* Release */,
			);
			defaultConfigurationIsVisible = 0;
			defaultConfigurationName = Debug;
		};
		OBJ_63 /* Build configuration list for PBXNativeTarget "FileKitPackageDescription" */ = {
			isa = XCConfigurationList;
			buildConfigurations = (
				OBJ_64 /* Debug */,
				OBJ_65 /* Release */,
			);
			defaultConfigurationIsVisible = 0;
			defaultConfigurationName = Debug;
		};
		OBJ_69 /* Build configuration list for PBXNativeTarget "iTunes Library ParserTests" */ = {
			isa = XCConfigurationList;
			buildConfigurations = (
				OBJ_70 /* Debug */,
				OBJ_71 /* Release */,
			);
			defaultConfigurationIsVisible = 0;
			defaultConfigurationName = Debug;
		};
		OBJ_81 /* Build configuration list for PBXNativeTarget "iTunes Library Parser" */ = {
			isa = XCConfigurationList;
			buildConfigurations = (
				OBJ_82 /* Debug */,
				OBJ_83 /* Release */,
			);
			defaultConfigurationIsVisible = 0;
			defaultConfigurationName = Debug;
		};
		OBJ_90 /* Build configuration list for PBXNativeTarget "FileKit" */ = {
			isa = XCConfigurationList;
			buildConfigurations = (
				OBJ_91 /* Debug */,
				OBJ_92 /* Release */,
			);
			defaultConfigurationIsVisible = 0;
			defaultConfigurationName = Debug;
		};
/* End XCConfigurationList section */
	};
	rootObject = OBJ_1 /* Project object */;
}
